
Microsoft Visual Studio Solution File, Format Version 12.00
# Visual Studio Version 16
VisualStudioVersion = 16.0.30225.117
MinimumVisualStudioVersion = 10.0.40219.1
Project("{FAE04EC0-301F-11D3-BF4B-00C04F79EFBC}") = "Calculator.Web", "Calculator.Web\Calculator.Web.csproj", "{DFBBD825-29CE-4CD1-A2BD-BBF342221680}"
EndProject
Global
	GlobalSection(SolutionConfigurationPlatforms) = preSolution
		Debug|Any CPU = Debug|Any CPU
		Release|Any CPU = Release|Any CPU
	EndGlobalSection
	GlobalSection(ProjectConfigurationPlatforms) = postSolution
		{DFBBD825-29CE-4CD1-A2BD-BBF342221680}.Debug|Any CPU.ActiveCfg = Debug|Any CPU
		{DFBBD825-29CE-4CD1-A2BD-BBF342221680}.Debug|Any CPU.Build.0 = Debug|Any CPU
		{DFBBD825-29CE-4CD1-A2BD-BBF342221680}.Release|Any CPU.ActiveCfg = Release|Any CPU
		{DFBBD825-29CE-4CD1-A2BD-BBF342221680}.Release|Any CPU.Build.0 = Release|Any CPU
	EndGlobalSection
	GlobalSection(SolutionProperties) = preSolution
		HideSolutionNode = FALSE
	EndGlobalSection
	GlobalSection(ExtensibilityGlobals) = postSolution
		SolutionGuid = {B0CF90FE-1922-46AA-AF0E-67A46459EDAC}
	EndGlobalSection
EndGlobal
